// !$*UTF8*$!
{
	archiveVersion = 1;
	classes = {
	};
	objectVersion = 50;
	objects = {

/* Begin PBXBuildFile section */
		5BE3BFF5F8C64924EC8FE1BE /* Pods_TapGuard.framework in Frameworks */ = {isa = PBXBuildFile; fileRef = EA46530FE7198F27B755F09F /* Pods_TapGuard.framework */; };
		E6C2FF6B21A12760005A9813 /* User.swift in Sources */ = {isa = PBXBuildFile; fileRef = E6C2FF6A21A12760005A9813 /* User.swift */; };
		E6C2FF6E21A12B6F005A9813 /* SettingsViewController.swift in Sources */ = {isa = PBXBuildFile; fileRef = E6C2FF6D21A12B6F005A9813 /* SettingsViewController.swift */; };
		E6C2FF7021A13BB9005A9813 /* EmergencyContactCell.swift in Sources */ = {isa = PBXBuildFile; fileRef = E6C2FF6F21A13BB9005A9813 /* EmergencyContactCell.swift */; };
		E6C2FF7221A28B95005A9813 /* NoEmergencyContactSet.xib in Resources */ = {isa = PBXBuildFile; fileRef = E6C2FF7121A28B95005A9813 /* NoEmergencyContactSet.xib */; };
		E6C2FF7521A28D2A005A9813 /* AddContactsOption.xib in Resources */ = {isa = PBXBuildFile; fileRef = E6C2FF7421A28D2A005A9813 /* AddContactsOption.xib */; };
		E6C2FF7721A28E3C005A9813 /* AddContactsOption.swift in Sources */ = {isa = PBXBuildFile; fileRef = E6C2FF7621A28E3C005A9813 /* AddContactsOption.swift */; };
		E6C2FF7921A28F8D005A9813 /* CreateNewContact.xib in Resources */ = {isa = PBXBuildFile; fileRef = E6C2FF7821A28F8D005A9813 /* CreateNewContact.xib */; };
		E6C2FF7D21A2942E005A9813 /* CreateNewContact.swift in Sources */ = {isa = PBXBuildFile; fileRef = E6C2FF7C21A2942E005A9813 /* CreateNewContact.swift */; };
		E6C2FF8321A2A1C5005A9813 /* DisplayEmergencyContact.swift in Sources */ = {isa = PBXBuildFile; fileRef = E6C2FF8221A2A1C5005A9813 /* DisplayEmergencyContact.swift */; };
		E6C2FF8521A2A2EB005A9813 /* DisplayEmergencyContact.xib in Resources */ = {isa = PBXBuildFile; fileRef = E6C2FF8421A2A2EB005A9813 /* DisplayEmergencyContact.xib */; };
		F83D97F12199E7D900C3333D /* AppDelegate.swift in Sources */ = {isa = PBXBuildFile; fileRef = F83D97F02199E7D900C3333D /* AppDelegate.swift */; };
		F83D97F62199E7D900C3333D /* Main.storyboard in Resources */ = {isa = PBXBuildFile; fileRef = F83D97F42199E7D900C3333D /* Main.storyboard */; };
		F83D97F82199E7DB00C3333D /* Assets.xcassets in Resources */ = {isa = PBXBuildFile; fileRef = F83D97F72199E7DB00C3333D /* Assets.xcassets */; };
		F83D97FB2199E7DB00C3333D /* LaunchScreen.storyboard in Resources */ = {isa = PBXBuildFile; fileRef = F83D97F92199E7DB00C3333D /* LaunchScreen.storyboard */; };
		F83D98072199F4D200C3333D /* GoogleService-Info.plist in Resources */ = {isa = PBXBuildFile; fileRef = F83D98062199F4D200C3333D /* GoogleService-Info.plist */; };
		F84BF19A219A45F60056B195 /* PhoneNumberViewController.swift in Sources */ = {isa = PBXBuildFile; fileRef = F84BF199219A45F60056B195 /* PhoneNumberViewController.swift */; };
		F84BF19D219A496B0056B195 /* LoginViewController.swift in Sources */ = {isa = PBXBuildFile; fileRef = F84BF19C219A496B0056B195 /* LoginViewController.swift */; };
		F8994E78219A69E0000F4A55 /* VerificationViewController.swift in Sources */ = {isa = PBXBuildFile; fileRef = F8994E77219A69E0000F4A55 /* VerificationViewController.swift */; };
		F8CD5266219CCD9C00CA69D9 /* HomeViewController.swift in Sources */ = {isa = PBXBuildFile; fileRef = F8CD5265219CCD9C00CA69D9 /* HomeViewController.swift */; };
		F8E3462D21A32BF500FA3718 /* Functions.swift in Sources */ = {isa = PBXBuildFile; fileRef = F8E3462C21A32BF500FA3718 /* Functions.swift */; };
/* End PBXBuildFile section */

/* Begin PBXFileReference section */
		597AD41A450CABCBFA3A261E /* Pods-TapGuard.release.xcconfig */ = {isa = PBXFileReference; includeInIndex = 1; lastKnownFileType = text.xcconfig; name = "Pods-TapGuard.release.xcconfig"; path = "Pods/Target Support Files/Pods-TapGuard/Pods-TapGuard.release.xcconfig"; sourceTree = "<group>"; };
		A0D5E31E9AF25E16FAB83625 /* Pods-TapGuard.debug.xcconfig */ = {isa = PBXFileReference; includeInIndex = 1; lastKnownFileType = text.xcconfig; name = "Pods-TapGuard.debug.xcconfig"; path = "Pods/Target Support Files/Pods-TapGuard/Pods-TapGuard.debug.xcconfig"; sourceTree = "<group>"; };
		E6C2FF6A21A12760005A9813 /* User.swift */ = {isa = PBXFileReference; lastKnownFileType = sourcecode.swift; path = User.swift; sourceTree = "<group>"; };
		E6C2FF6D21A12B6F005A9813 /* SettingsViewController.swift */ = {isa = PBXFileReference; lastKnownFileType = sourcecode.swift; path = SettingsViewController.swift; sourceTree = "<group>"; };
		E6C2FF6F21A13BB9005A9813 /* EmergencyContactCell.swift */ = {isa = PBXFileReference; lastKnownFileType = sourcecode.swift; path = EmergencyContactCell.swift; sourceTree = "<group>"; };
		E6C2FF7121A28B95005A9813 /* NoEmergencyContactSet.xib */ = {isa = PBXFileReference; lastKnownFileType = file.xib; path = NoEmergencyContactSet.xib; sourceTree = "<group>"; };
		E6C2FF7421A28D2A005A9813 /* AddContactsOption.xib */ = {isa = PBXFileReference; lastKnownFileType = file.xib; path = AddContactsOption.xib; sourceTree = "<group>"; };
		E6C2FF7621A28E3C005A9813 /* AddContactsOption.swift */ = {isa = PBXFileReference; lastKnownFileType = sourcecode.swift; path = AddContactsOption.swift; sourceTree = "<group>"; };
		E6C2FF7821A28F8D005A9813 /* CreateNewContact.xib */ = {isa = PBXFileReference; lastKnownFileType = file.xib; path = CreateNewContact.xib; sourceTree = "<group>"; };
		E6C2FF7C21A2942E005A9813 /* CreateNewContact.swift */ = {isa = PBXFileReference; lastKnownFileType = sourcecode.swift; path = CreateNewContact.swift; sourceTree = "<group>"; };
		E6C2FF8221A2A1C5005A9813 /* DisplayEmergencyContact.swift */ = {isa = PBXFileReference; lastKnownFileType = sourcecode.swift; path = DisplayEmergencyContact.swift; sourceTree = "<group>"; };
		E6C2FF8421A2A2EB005A9813 /* DisplayEmergencyContact.xib */ = {isa = PBXFileReference; fileEncoding = 4; lastKnownFileType = file.xib; path = DisplayEmergencyContact.xib; sourceTree = "<group>"; };
		EA46530FE7198F27B755F09F /* Pods_TapGuard.framework */ = {isa = PBXFileReference; explicitFileType = wrapper.framework; includeInIndex = 0; path = Pods_TapGuard.framework; sourceTree = BUILT_PRODUCTS_DIR; };
		F83D97ED2199E7D900C3333D /* TapGuard.app */ = {isa = PBXFileReference; explicitFileType = wrapper.application; includeInIndex = 0; path = TapGuard.app; sourceTree = BUILT_PRODUCTS_DIR; };
		F83D97F02199E7D900C3333D /* AppDelegate.swift */ = {isa = PBXFileReference; lastKnownFileType = sourcecode.swift; path = AppDelegate.swift; sourceTree = "<group>"; };
		F83D97F52199E7D900C3333D /* Base */ = {isa = PBXFileReference; lastKnownFileType = file.storyboard; name = Base; path = Base.lproj/Main.storyboard; sourceTree = "<group>"; };
		F83D97F72199E7DB00C3333D /* Assets.xcassets */ = {isa = PBXFileReference; lastKnownFileType = folder.assetcatalog; path = Assets.xcassets; sourceTree = "<group>"; };
		F83D97FA2199E7DB00C3333D /* Base */ = {isa = PBXFileReference; lastKnownFileType = file.storyboard; name = Base; path = Base.lproj/LaunchScreen.storyboard; sourceTree = "<group>"; };
		F83D97FC2199E7DB00C3333D /* Info.plist */ = {isa = PBXFileReference; lastKnownFileType = text.plist.xml; path = Info.plist; sourceTree = "<group>"; };
		F83D98062199F4D200C3333D /* GoogleService-Info.plist */ = {isa = PBXFileReference; fileEncoding = 4; lastKnownFileType = text.plist.xml; path = "GoogleService-Info.plist"; sourceTree = "<group>"; };
		F84BF199219A45F60056B195 /* PhoneNumberViewController.swift */ = {isa = PBXFileReference; lastKnownFileType = sourcecode.swift; path = PhoneNumberViewController.swift; sourceTree = "<group>"; };
		F84BF19C219A496B0056B195 /* LoginViewController.swift */ = {isa = PBXFileReference; fileEncoding = 4; lastKnownFileType = sourcecode.swift; path = LoginViewController.swift; sourceTree = "<group>"; };
		F8994E77219A69E0000F4A55 /* VerificationViewController.swift */ = {isa = PBXFileReference; lastKnownFileType = sourcecode.swift; path = VerificationViewController.swift; sourceTree = "<group>"; };
		F8CD5265219CCD9C00CA69D9 /* HomeViewController.swift */ = {isa = PBXFileReference; lastKnownFileType = sourcecode.swift; path = HomeViewController.swift; sourceTree = "<group>"; };
		F8E3462C21A32BF500FA3718 /* Functions.swift */ = {isa = PBXFileReference; fileEncoding = 4; lastKnownFileType = sourcecode.swift; path = Functions.swift; sourceTree = "<group>"; };
/* End PBXFileReference section */

/* Begin PBXFrameworksBuildPhase section */
		F83D97EA2199E7D900C3333D /* Frameworks */ = {
			isa = PBXFrameworksBuildPhase;
			buildActionMask = 2147483647;
			files = (
				5BE3BFF5F8C64924EC8FE1BE /* Pods_TapGuard.framework in Frameworks */,
			);
			runOnlyForDeploymentPostprocessing = 0;
		};
/* End PBXFrameworksBuildPhase section */

/* Begin PBXGroup section */
		780BDBF2D9AEB2D8B1CE0245 /* Frameworks */ = {
			isa = PBXGroup;
			children = (
				EA46530FE7198F27B755F09F /* Pods_TapGuard.framework */,
			);
			name = Frameworks;
			sourceTree = "<group>";
		};
		CB69AE7666BFF26BDA2DAE4E /* Pods */ = {
			isa = PBXGroup;
			children = (
				A0D5E31E9AF25E16FAB83625 /* Pods-TapGuard.debug.xcconfig */,
				597AD41A450CABCBFA3A261E /* Pods-TapGuard.release.xcconfig */,
			);
			name = Pods;
			sourceTree = "<group>";
		};
		E6C2FF6C21A12825005A9813 /* Models */ = {
			isa = PBXGroup;
			children = (
				E6C2FF6A21A12760005A9813 /* User.swift */,
				F8E3462C21A32BF500FA3718 /* Functions.swift */,
			);
			path = Models;
			sourceTree = "<group>";
		};
		E6C2FF7321A28BB4005A9813 /* Views */ = {
			isa = PBXGroup;
			children = (
				E6C2FF7121A28B95005A9813 /* NoEmergencyContactSet.xib */,
				E6C2FF7421A28D2A005A9813 /* AddContactsOption.xib */,
				E6C2FF7821A28F8D005A9813 /* CreateNewContact.xib */,
				E6C2FF8421A2A2EB005A9813 /* DisplayEmergencyContact.xib */,
				E6C2FF7621A28E3C005A9813 /* AddContactsOption.swift */,
				E6C2FF7C21A2942E005A9813 /* CreateNewContact.swift */,
				E6C2FF8221A2A1C5005A9813 /* DisplayEmergencyContact.swift */,
			);
			path = Views;
			sourceTree = "<group>";
		};
		F83D97E42199E7D900C3333D = {
			isa = PBXGroup;
			children = (
				F83D97EF2199E7D900C3333D /* TapGuard */,
				F83D97EE2199E7D900C3333D /* Products */,
				CB69AE7666BFF26BDA2DAE4E /* Pods */,
				780BDBF2D9AEB2D8B1CE0245 /* Frameworks */,
			);
			sourceTree = "<group>";
		};
		F83D97EE2199E7D900C3333D /* Products */ = {
			isa = PBXGroup;
			children = (
				F83D97ED2199E7D900C3333D /* TapGuard.app */,
			);
			name = Products;
			sourceTree = "<group>";
		};
		F83D97EF2199E7D900C3333D /* TapGuard */ = {
			isa = PBXGroup;
			children = (
				F83D97F02199E7D900C3333D /* AppDelegate.swift */,
				E6C2FF6C21A12825005A9813 /* Models */,
				E6C2FF7321A28BB4005A9813 /* Views */,
				F84BF19B219A46070056B195 /* View Controllers */,
				F83D97F42199E7D900C3333D /* Main.storyboard */,
				F83D97F72199E7DB00C3333D /* Assets.xcassets */,
				F83D97F92199E7DB00C3333D /* LaunchScreen.storyboard */,
				F83D97FC2199E7DB00C3333D /* Info.plist */,
				F83D98062199F4D200C3333D /* GoogleService-Info.plist */,
			);
			path = TapGuard;
			sourceTree = "<group>";
		};
		F84BF19B219A46070056B195 /* View Controllers */ = {
			isa = PBXGroup;
			children = (
				F84BF199219A45F60056B195 /* PhoneNumberViewController.swift */,
				F84BF19C219A496B0056B195 /* LoginViewController.swift */,
				F8994E77219A69E0000F4A55 /* VerificationViewController.swift */,
				F8CD5265219CCD9C00CA69D9 /* HomeViewController.swift */,
				E6C2FF6D21A12B6F005A9813 /* SettingsViewController.swift */,
				E6C2FF6F21A13BB9005A9813 /* EmergencyContactCell.swift */,
			);
			path = "View Controllers";
			sourceTree = "<group>";
		};
/* End PBXGroup section */

/* Begin PBXNativeTarget section */
		F83D97EC2199E7D900C3333D /* TapGuard */ = {
			isa = PBXNativeTarget;
			buildConfigurationList = F83D97FF2199E7DB00C3333D /* Build configuration list for PBXNativeTarget "TapGuard" */;
			buildPhases = (
				8A4684615B716B8C20A6DC6A /* [CP] Check Pods Manifest.lock */,
				F83D97E92199E7D900C3333D /* Sources */,
				F83D97EA2199E7D900C3333D /* Frameworks */,
				F83D97EB2199E7D900C3333D /* Resources */,
				2F267DBB9E7407755B03DA5F /* [CP] Embed Pods Frameworks */,
				E0A63A6D83FB8AE179CB56DB /* [CP] Copy Pods Resources */,
			);
			buildRules = (
			);
			dependencies = (
			);
			name = TapGuard;
			productName = TapGuard;
			productReference = F83D97ED2199E7D900C3333D /* TapGuard.app */;
			productType = "com.apple.product-type.application";
		};
/* End PBXNativeTarget section */

/* Begin PBXProject section */
		F83D97E52199E7D900C3333D /* Project object */ = {
			isa = PBXProject;
			attributes = {
				LastSwiftUpdateCheck = 1010;
				LastUpgradeCheck = 1010;
				ORGANIZATIONNAME = Infinity;
				TargetAttributes = {
					F83D97EC2199E7D900C3333D = {
						CreatedOnToolsVersion = 10.1;
					};
				};
			};
			buildConfigurationList = F83D97E82199E7D900C3333D /* Build configuration list for PBXProject "TapGuard" */;
			compatibilityVersion = "Xcode 9.3";
			developmentRegion = en;
			hasScannedForEncodings = 0;
			knownRegions = (
				en,
				Base,
			);
			mainGroup = F83D97E42199E7D900C3333D;
			productRefGroup = F83D97EE2199E7D900C3333D /* Products */;
			projectDirPath = "";
			projectRoot = "";
			targets = (
				F83D97EC2199E7D900C3333D /* TapGuard */,
			);
		};
/* End PBXProject section */

/* Begin PBXResourcesBuildPhase section */
		F83D97EB2199E7D900C3333D /* Resources */ = {
			isa = PBXResourcesBuildPhase;
			buildActionMask = 2147483647;
			files = (
				F83D97FB2199E7DB00C3333D /* LaunchScreen.storyboard in Resources */,
				E6C2FF7521A28D2A005A9813 /* AddContactsOption.xib in Resources */,
				E6C2FF7921A28F8D005A9813 /* CreateNewContact.xib in Resources */,
				F83D98072199F4D200C3333D /* GoogleService-Info.plist in Resources */,
				F83D97F82199E7DB00C3333D /* Assets.xcassets in Resources */,
				E6C2FF8521A2A2EB005A9813 /* DisplayEmergencyContact.xib in Resources */,
				E6C2FF7221A28B95005A9813 /* NoEmergencyContactSet.xib in Resources */,
				F83D97F62199E7D900C3333D /* Main.storyboard in Resources */,
			);
			runOnlyForDeploymentPostprocessing = 0;
		};
/* End PBXResourcesBuildPhase section */

/* Begin PBXShellScriptBuildPhase section */
		2F267DBB9E7407755B03DA5F /* [CP] Embed Pods Frameworks */ = {
			isa = PBXShellScriptBuildPhase;
			buildActionMask = 2147483647;
			files = (
			);
			inputFileListPaths = (
			);
			inputPaths = (
				"${SRCROOT}/Pods/Target Support Files/Pods-TapGuard/Pods-TapGuard-frameworks.sh",
				"${BUILT_PRODUCTS_DIR}/GTMOAuth2/GTMOAuth2.framework",
				"${BUILT_PRODUCTS_DIR}/GTMSessionFetcher/GTMSessionFetcher.framework",
				"${BUILT_PRODUCTS_DIR}/GoogleToolboxForMac/GoogleToolboxForMac.framework",
				"${BUILT_PRODUCTS_DIR}/GoogleUtilities/GoogleUtilities.framework",
				"${BUILT_PRODUCTS_DIR}/PhoneNumberKit/PhoneNumberKit.framework",
				"${BUILT_PRODUCTS_DIR}/SwiftyButton/SwiftyButton.framework",
				"${BUILT_PRODUCTS_DIR}/leveldb-library/leveldb.framework",
				"${BUILT_PRODUCTS_DIR}/nanopb/nanopb.framework",
			);
			name = "[CP] Embed Pods Frameworks";
			outputFileListPaths = (
			);
			outputPaths = (
				"${TARGET_BUILD_DIR}/${FRAMEWORKS_FOLDER_PATH}/GTMOAuth2.framework",
				"${TARGET_BUILD_DIR}/${FRAMEWORKS_FOLDER_PATH}/GTMSessionFetcher.framework",
				"${TARGET_BUILD_DIR}/${FRAMEWORKS_FOLDER_PATH}/GoogleToolboxForMac.framework",
				"${TARGET_BUILD_DIR}/${FRAMEWORKS_FOLDER_PATH}/GoogleUtilities.framework",
				"${TARGET_BUILD_DIR}/${FRAMEWORKS_FOLDER_PATH}/PhoneNumberKit.framework",
				"${TARGET_BUILD_DIR}/${FRAMEWORKS_FOLDER_PATH}/SwiftyButton.framework",
				"${TARGET_BUILD_DIR}/${FRAMEWORKS_FOLDER_PATH}/leveldb.framework",
				"${TARGET_BUILD_DIR}/${FRAMEWORKS_FOLDER_PATH}/nanopb.framework",
			);
			runOnlyForDeploymentPostprocessing = 0;
			shellPath = /bin/sh;
			shellScript = "\"${SRCROOT}/Pods/Target Support Files/Pods-TapGuard/Pods-TapGuard-frameworks.sh\"\n";
			showEnvVarsInLog = 0;
		};
		8A4684615B716B8C20A6DC6A /* [CP] Check Pods Manifest.lock */ = {
			isa = PBXShellScriptBuildPhase;
			buildActionMask = 2147483647;
			files = (
			);
			inputFileListPaths = (
			);
			inputPaths = (
				"${PODS_PODFILE_DIR_PATH}/Podfile.lock",
				"${PODS_ROOT}/Manifest.lock",
			);
			name = "[CP] Check Pods Manifest.lock";
			outputFileListPaths = (
			);
			outputPaths = (
				"$(DERIVED_FILE_DIR)/Pods-TapGuard-checkManifestLockResult.txt",
			);
			runOnlyForDeploymentPostprocessing = 0;
			shellPath = /bin/sh;
			shellScript = "diff \"${PODS_PODFILE_DIR_PATH}/Podfile.lock\" \"${PODS_ROOT}/Manifest.lock\" > /dev/null\nif [ $? != 0 ] ; then\n    # print error to STDERR\n    echo \"error: The sandbox is not in sync with the Podfile.lock. Run 'pod install' or update your CocoaPods installation.\" >&2\n    exit 1\nfi\n# This output is used by Xcode 'outputs' to avoid re-running this script phase.\necho \"SUCCESS\" > \"${SCRIPT_OUTPUT_FILE_0}\"\n";
			showEnvVarsInLog = 0;
		};
		E0A63A6D83FB8AE179CB56DB /* [CP] Copy Pods Resources */ = {
			isa = PBXShellScriptBuildPhase;
			buildActionMask = 2147483647;
			files = (
			);
			inputFileListPaths = (
			);
			inputPaths = (
				"${SRCROOT}/Pods/Target Support Files/Pods-TapGuard/Pods-TapGuard-resources.sh",
				"${PODS_CONFIGURATION_BUILD_DIR}/FirebaseUI/FirebaseAuthUI.bundle",
				"${PODS_CONFIGURATION_BUILD_DIR}/FirebaseUI/FirebasePhoneAuthUI.bundle",
				"${PODS_ROOT}/GoogleSignIn/Resources/GoogleSignIn.bundle",
			);
			name = "[CP] Copy Pods Resources";
			outputFileListPaths = (
			);
			outputPaths = (
				"${TARGET_BUILD_DIR}/${UNLOCALIZED_RESOURCES_FOLDER_PATH}/FirebaseAuthUI.bundle",
				"${TARGET_BUILD_DIR}/${UNLOCALIZED_RESOURCES_FOLDER_PATH}/FirebasePhoneAuthUI.bundle",
				"${TARGET_BUILD_DIR}/${UNLOCALIZED_RESOURCES_FOLDER_PATH}/GoogleSignIn.bundle",
			);
			runOnlyForDeploymentPostprocessing = 0;
			shellPath = /bin/sh;
			shellScript = "\"${SRCROOT}/Pods/Target Support Files/Pods-TapGuard/Pods-TapGuard-resources.sh\"\n";
			showEnvVarsInLog = 0;
		};
/* End PBXShellScriptBuildPhase section */

/* Begin PBXSourcesBuildPhase section */
		F83D97E92199E7D900C3333D /* Sources */ = {
			isa = PBXSourcesBuildPhase;
			buildActionMask = 2147483647;
			files = (
				E6C2FF7021A13BB9005A9813 /* EmergencyContactCell.swift in Sources */,
				E6C2FF7D21A2942E005A9813 /* CreateNewContact.swift in Sources */,
				F8CD5266219CCD9C00CA69D9 /* HomeViewController.swift in Sources */,
				F8E3462D21A32BF500FA3718 /* Functions.swift in Sources */,
				F84BF19D219A496B0056B195 /* LoginViewController.swift in Sources */,
				E6C2FF8321A2A1C5005A9813 /* DisplayEmergencyContact.swift in Sources */,
				E6C2FF6E21A12B6F005A9813 /* SettingsViewController.swift in Sources */,
				F83D97F12199E7D900C3333D /* AppDelegate.swift in Sources */,
				E6C2FF7721A28E3C005A9813 /* AddContactsOption.swift in Sources */,
				F8994E78219A69E0000F4A55 /* VerificationViewController.swift in Sources */,
				F84BF19A219A45F60056B195 /* PhoneNumberViewController.swift in Sources */,
				E6C2FF6B21A12760005A9813 /* User.swift in Sources */,
			);
			runOnlyForDeploymentPostprocessing = 0;
		};
/* End PBXSourcesBuildPhase section */

/* Begin PBXVariantGroup section */
		F83D97F42199E7D900C3333D /* Main.storyboard */ = {
			isa = PBXVariantGroup;
			children = (
				F83D97F52199E7D900C3333D /* Base */,
			);
			name = Main.storyboard;
			sourceTree = "<group>";
		};
		F83D97F92199E7DB00C3333D /* LaunchScreen.storyboard */ = {
			isa = PBXVariantGroup;
			children = (
				F83D97FA2199E7DB00C3333D /* Base */,
			);
			name = LaunchScreen.storyboard;
			sourceTree = "<group>";
		};
/* End PBXVariantGroup section */

/* Begin XCBuildConfiguration section */
		F83D97FD2199E7DB00C3333D /* Debug */ = {
			isa = XCBuildConfiguration;
			buildSettings = {
				ALWAYS_SEARCH_USER_PATHS = NO;
				CLANG_ANALYZER_NONNULL = YES;
				CLANG_ANALYZER_NUMBER_OBJECT_CONVERSION = YES_AGGRESSIVE;
				CLANG_CXX_LANGUAGE_STANDARD = "gnu++14";
				CLANG_CXX_LIBRARY = "libc++";
				CLANG_ENABLE_MODULES = YES;
				CLANG_ENABLE_OBJC_ARC = YES;
				CLANG_ENABLE_OBJC_WEAK = YES;
				CLANG_WARN_BLOCK_CAPTURE_AUTORELEASING = YES;
				CLANG_WARN_BOOL_CONVERSION = YES;
				CLANG_WARN_COMMA = YES;
				CLANG_WARN_CONSTANT_CONVERSION = YES;
				CLANG_WARN_DEPRECATED_OBJC_IMPLEMENTATIONS = YES;
				CLANG_WARN_DIRECT_OBJC_ISA_USAGE = YES_ERROR;
				CLANG_WARN_DOCUMENTATION_COMMENTS = YES;
				CLANG_WARN_EMPTY_BODY = YES;
				CLANG_WARN_ENUM_CONVERSION = YES;
				CLANG_WARN_INFINITE_RECURSION = YES;
				CLANG_WARN_INT_CONVERSION = YES;
				CLANG_WARN_NON_LITERAL_NULL_CONVERSION = YES;
				CLANG_WARN_OBJC_IMPLICIT_RETAIN_SELF = YES;
				CLANG_WARN_OBJC_LITERAL_CONVERSION = YES;
				CLANG_WARN_OBJC_ROOT_CLASS = YES_ERROR;
				CLANG_WARN_RANGE_LOOP_ANALYSIS = YES;
				CLANG_WARN_STRICT_PROTOTYPES = YES;
				CLANG_WARN_SUSPICIOUS_MOVE = YES;
				CLANG_WARN_UNGUARDED_AVAILABILITY = YES_AGGRESSIVE;
				CLANG_WARN_UNREACHABLE_CODE = YES;
				CLANG_WARN__DUPLICATE_METHOD_MATCH = YES;
				CODE_SIGN_IDENTITY = "iPhone Developer";
				COPY_PHASE_STRIP = NO;
				DEBUG_INFORMATION_FORMAT = dwarf;
				ENABLE_STRICT_OBJC_MSGSEND = YES;
				ENABLE_TESTABILITY = YES;
				GCC_C_LANGUAGE_STANDARD = gnu11;
				GCC_DYNAMIC_NO_PIC = NO;
				GCC_NO_COMMON_BLOCKS = YES;
				GCC_OPTIMIZATION_LEVEL = 0;
				GCC_PREPROCESSOR_DEFINITIONS = (
					"DEBUG=1",
					"$(inherited)",
				);
				GCC_WARN_64_TO_32_BIT_CONVERSION = YES;
				GCC_WARN_ABOUT_RETURN_TYPE = YES_ERROR;
				GCC_WARN_UNDECLARED_SELECTOR = YES;
				GCC_WARN_UNINITIALIZED_AUTOS = YES_AGGRESSIVE;
				GCC_WARN_UNUSED_FUNCTION = YES;
				GCC_WARN_UNUSED_VARIABLE = YES;
				IPHONEOS_DEPLOYMENT_TARGET = 12.1;
				MTL_ENABLE_DEBUG_INFO = INCLUDE_SOURCE;
				MTL_FAST_MATH = YES;
				ONLY_ACTIVE_ARCH = YES;
				SDKROOT = iphoneos;
				SWIFT_ACTIVE_COMPILATION_CONDITIONS = DEBUG;
				SWIFT_OPTIMIZATION_LEVEL = "-Onone";
			};
			name = Debug;
		};
		F83D97FE2199E7DB00C3333D /* Release */ = {
			isa = XCBuildConfiguration;
			buildSettings = {
				ALWAYS_SEARCH_USER_PATHS = NO;
				CLANG_ANALYZER_NONNULL = YES;
				CLANG_ANALYZER_NUMBER_OBJECT_CONVERSION = YES_AGGRESSIVE;
				CLANG_CXX_LANGUAGE_STANDARD = "gnu++14";
				CLANG_CXX_LIBRARY = "libc++";
				CLANG_ENABLE_MODULES = YES;
				CLANG_ENABLE_OBJC_ARC = YES;
				CLANG_ENABLE_OBJC_WEAK = YES;
				CLANG_WARN_BLOCK_CAPTURE_AUTORELEASING = YES;
				CLANG_WARN_BOOL_CONVERSION = YES;
				CLANG_WARN_COMMA = YES;
				CLANG_WARN_CONSTANT_CONVERSION = YES;
				CLANG_WARN_DEPRECATED_OBJC_IMPLEMENTATIONS = YES;
				CLANG_WARN_DIRECT_OBJC_ISA_USAGE = YES_ERROR;
				CLANG_WARN_DOCUMENTATION_COMMENTS = YES;
				CLANG_WARN_EMPTY_BODY = YES;
				CLANG_WARN_ENUM_CONVERSION = YES;
				CLANG_WARN_INFINITE_RECURSION = YES;
				CLANG_WARN_INT_CONVERSION = YES;
				CLANG_WARN_NON_LITERAL_NULL_CONVERSION = YES;
				CLANG_WARN_OBJC_IMPLICIT_RETAIN_SELF = YES;
				CLANG_WARN_OBJC_LITERAL_CONVERSION = YES;
				CLANG_WARN_OBJC_ROOT_CLASS = YES_ERROR;
				CLANG_WARN_RANGE_LOOP_ANALYSIS = YES;
				CLANG_WARN_STRICT_PROTOTYPES = YES;
				CLANG_WARN_SUSPICIOUS_MOVE = YES;
				CLANG_WARN_UNGUARDED_AVAILABILITY = YES_AGGRESSIVE;
				CLANG_WARN_UNREACHABLE_CODE = YES;
				CLANG_WARN__DUPLICATE_METHOD_MATCH = YES;
				CODE_SIGN_IDENTITY = "iPhone Developer";
				COPY_PHASE_STRIP = NO;
				DEBUG_INFORMATION_FORMAT = "dwarf-with-dsym";
				ENABLE_NS_ASSERTIONS = NO;
				ENABLE_STRICT_OBJC_MSGSEND = YES;
				GCC_C_LANGUAGE_STANDARD = gnu11;
				GCC_NO_COMMON_BLOCKS = YES;
				GCC_WARN_64_TO_32_BIT_CONVERSION = YES;
				GCC_WARN_ABOUT_RETURN_TYPE = YES_ERROR;
				GCC_WARN_UNDECLARED_SELECTOR = YES;
				GCC_WARN_UNINITIALIZED_AUTOS = YES_AGGRESSIVE;
				GCC_WARN_UNUSED_FUNCTION = YES;
				GCC_WARN_UNUSED_VARIABLE = YES;
				IPHONEOS_DEPLOYMENT_TARGET = 12.1;
				MTL_ENABLE_DEBUG_INFO = NO;
				MTL_FAST_MATH = YES;
				SDKROOT = iphoneos;
				SWIFT_COMPILATION_MODE = wholemodule;
				SWIFT_OPTIMIZATION_LEVEL = "-O";
				VALIDATE_PRODUCT = YES;
			};
			name = Release;
		};
		F83D98002199E7DB00C3333D /* Debug */ = {
			isa = XCBuildConfiguration;
			baseConfigurationReference = A0D5E31E9AF25E16FAB83625 /* Pods-TapGuard.debug.xcconfig */;
			buildSettings = {
				ASSETCATALOG_COMPILER_APPICON_NAME = AppIcon;
				CODE_SIGN_STYLE = Automatic;
				DEVELOPMENT_TEAM = S7237686AR;
				INFOPLIST_FILE = TapGuard/Info.plist;
				LD_RUNPATH_SEARCH_PATHS = (
					"$(inherited)",
					"@executable_path/Frameworks",
				);
				PRODUCT_BUNDLE_IDENTIFIER = infnity.TapGuard;
				PRODUCT_NAME = "$(TARGET_NAME)";
				SWIFT_VERSION = 4.2;
				TARGETED_DEVICE_FAMILY = 1;
			};
			name = Debug;
		};
		F83D98012199E7DB00C3333D /* Release */ = {
			isa = XCBuildConfiguration;
			baseConfigurationReference = 597AD41A450CABCBFA3A261E /* Pods-TapGuard.release.xcconfig */;
			buildSettings = {
				ASSETCATALOG_COMPILER_APPICON_NAME = AppIcon;
				CODE_SIGN_STYLE = Automatic;
				DEVELOPMENT_TEAM = S7237686AR;
				INFOPLIST_FILE = TapGuard/Info.plist;
				LD_RUNPATH_SEARCH_PATHS = (
					"$(inherited)",
					"@executable_path/Frameworks",
				);
				PRODUCT_BUNDLE_IDENTIFIER = infnity.TapGuard;
				PRODUCT_NAME = "$(TARGET_NAME)";
				SWIFT_VERSION = 4.2;
				TARGETED_DEVICE_FAMILY = 1;
			};
			name = Release;
		};
/* End XCBuildConfiguration section */

/* Begin XCConfigurationList section */
		F83D97E82199E7D900C3333D /* Build configuration list for PBXProject "TapGuard" */ = {
			isa = XCConfigurationList;
			buildConfigurations = (
				F83D97FD2199E7DB00C3333D /* Debug */,
				F83D97FE2199E7DB00C3333D /* Release */,
			);
			defaultConfigurationIsVisible = 0;
			defaultConfigurationName = Release;
		};
		F83D97FF2199E7DB00C3333D /* Build configuration list for PBXNativeTarget "TapGuard" */ = {
			isa = XCConfigurationList;
			buildConfigurations = (
				F83D98002199E7DB00C3333D /* Debug */,
				F83D98012199E7DB00C3333D /* Release */,
			);
			defaultConfigurationIsVisible = 0;
			defaultConfigurationName = Release;
		};
/* End XCConfigurationList section */
	};
	rootObject = F83D97E52199E7D900C3333D /* Project object */;
}
